
Microsoft Visual Studio Solution File, Format Version 12.00
# Visual Studio 15
VisualStudioVersion = 15.0.27130.2010
MinimumVisualStudioVersion = 10.0.40219.1
Project("{FAE04EC0-301F-11D3-BF4B-00C04F79EFBC}") = "NEW", "NEW\NEW.csproj", "{111413FF-F85E-4FE6-9E2B-E355D0938725}"
EndProject
Global
	GlobalSection(SolutionConfigurationPlatforms) = preSolution
		Debug|Any CPU = Debug|Any CPU
		Release|Any CPU = Release|Any CPU
	EndGlobalSection
	GlobalSection(ProjectConfigurationPlatforms) = postSolution
		{111413FF-F85E-4FE6-9E2B-E355D0938725}.Debug|Any CPU.ActiveCfg = Debug|Any CPU
		{111413FF-F85E-4FE6-9E2B-E355D0938725}.Debug|Any CPU.Build.0 = Debug|Any CPU
		{111413FF-F85E-4FE6-9E2B-E355D0938725}.Release|Any CPU.ActiveCfg = Release|Any CPU
		{111413FF-F85E-4FE6-9E2B-E355D0938725}.Release|Any CPU.Build.0 = Release|Any CPU
	EndGlobalSection
	GlobalSection(SolutionProperties) = preSolution
		HideSolutionNode = FALSE
	EndGlobalSection
	GlobalSection(ExtensibilityGlobals) = postSolution
		SolutionGuid = {754F7A36-84B0-4C79-9E5B-D16D96335CF9}
	EndGlobalSection
EndGlobal
